
Microsoft Visual Studio Solution File, Format Version 12.00
# Visual Studio 15
VisualStudioVersion = 15.0.27130.2010
MinimumVisualStudioVersion = 10.0.40219.1
Project("{FAE04EC0-301F-11D3-BF4B-00C04F79EFBC}") = "RDTH", "RDTH\RDTH.csproj", "{BC136CC0-5B33-49DE-8223-104B51E36FDE}"
EndProject
Project("{FAE04EC0-301F-11D3-BF4B-00C04F79EFBC}") = "RDTH.Data", "RDTH.Data\RDTH.Data.csproj", "{9A6D1AB5-2672-4A9D-B2A3-42AD990BD994}"
EndProject
Project("{FAE04EC0-301F-11D3-BF4B-00C04F79EFBC}") = "RDTH.Service", "RDTH.Service\RDTH.Service.csproj", "{0E80D3F9-7956-4B28-8544-88C1527F4995}"
EndProject
Global
	GlobalSection(SolutionConfigurationPlatforms) = preSolution
		Debug|Any CPU = Debug|Any CPU
		Release|Any CPU = Release|Any CPU
	EndGlobalSection
	GlobalSection(ProjectConfigurationPlatforms) = postSolution
		{BC136CC0-5B33-49DE-8223-104B51E36FDE}.Debug|Any CPU.ActiveCfg = Debug|Any CPU
		{BC136CC0-5B33-49DE-8223-104B51E36FDE}.Debug|Any CPU.Build.0 = Debug|Any CPU
		{BC136CC0-5B33-49DE-8223-104B51E36FDE}.Release|Any CPU.ActiveCfg = Release|Any CPU
		{BC136CC0-5B33-49DE-8223-104B51E36FDE}.Release|Any CPU.Build.0 = Release|Any CPU
		{9A6D1AB5-2672-4A9D-B2A3-42AD990BD994}.Debug|Any CPU.ActiveCfg = Debug|Any CPU
		{9A6D1AB5-2672-4A9D-B2A3-42AD990BD994}.Debug|Any CPU.Build.0 = Debug|Any CPU
		{9A6D1AB5-2672-4A9D-B2A3-42AD990BD994}.Release|Any CPU.ActiveCfg = Release|Any CPU
		{9A6D1AB5-2672-4A9D-B2A3-42AD990BD994}.Release|Any CPU.Build.0 = Release|Any CPU
		{0E80D3F9-7956-4B28-8544-88C1527F4995}.Debug|Any CPU.ActiveCfg = Debug|Any CPU
		{0E80D3F9-7956-4B28-8544-88C1527F4995}.Debug|Any CPU.Build.0 = Debug|Any CPU
		{0E80D3F9-7956-4B28-8544-88C1527F4995}.Release|Any CPU.ActiveCfg = Release|Any CPU
		{0E80D3F9-7956-4B28-8544-88C1527F4995}.Release|Any CPU.Build.0 = Release|Any CPU
	EndGlobalSection
	GlobalSection(SolutionProperties) = preSolution
		HideSolutionNode = FALSE
	EndGlobalSection
	GlobalSection(ExtensibilityGlobals) = postSolution
		SolutionGuid = {FF661399-E301-4EA0-B473-31465EE2F383}
	EndGlobalSection
EndGlobal
